
Microsoft Visual Studio Solution File, Format Version 12.00
# Visual Studio Version 16
VisualStudioVersion = 16.0.29215.179
MinimumVisualStudioVersion = 10.0.40219.1
Project("{8BC9CEB8-8B4A-11D0-8D11-00A0C91BC942}") = "SkynetAIWargames", "SkynetAIWargames\SkynetAIWargames.vcxproj", "{62E4ED80-EE2F-486B-B09E-A5B90C82EDA2}"
EndProject
Global
	GlobalSection(SolutionConfigurationPlatforms) = preSolution
		Debug|x64 = Debug|x64
		Debug|x86 = Debug|x86
		Release|x64 = Release|x64
		Release|x86 = Release|x86
	EndGlobalSection
	GlobalSection(ProjectConfigurationPlatforms) = postSolution
		{62E4ED80-EE2F-486B-B09E-A5B90C82EDA2}.Debug|x64.ActiveCfg = Debug|x64
		{62E4ED80-EE2F-486B-B09E-A5B90C82EDA2}.Debug|x64.Build.0 = Debug|x64
		{62E4ED80-EE2F-486B-B09E-A5B90C82EDA2}.Debug|x86.ActiveCfg = Debug|Win32
		{62E4ED80-EE2F-486B-B09E-A5B90C82EDA2}.Debug|x86.Build.0 = Debug|Win32
		{62E4ED80-EE2F-486B-B09E-A5B90C82EDA2}.Release|x64.ActiveCfg = Release|x64
		{62E4ED80-EE2F-486B-B09E-A5B90C82EDA2}.Release|x64.Build.0 = Release|x64
		{62E4ED80-EE2F-486B-B09E-A5B90C82EDA2}.Release|x86.ActiveCfg = Release|Win32
		{62E4ED80-EE2F-486B-B09E-A5B90C82EDA2}.Release|x86.Build.0 = Release|Win32
	EndGlobalSection
	GlobalSection(SolutionProperties) = preSolution
		HideSolutionNode = FALSE
	EndGlobalSection
	GlobalSection(ExtensibilityGlobals) = postSolution
		SolutionGuid = {BA7C8875-C0DD-42F1-8569-01FA48BF4752}
	EndGlobalSection
EndGlobal
